
Microsoft Visual Studio Solution File, Format Version 12.00
# Visual Studio Version 16
VisualStudioVersion = 16.0.30225.117
MinimumVisualStudioVersion = 10.0.40219.1
Project("{FAE04EC0-301F-11D3-BF4B-00C04F79EFBC}") = "P5 Code", "P5 Code.csproj", "{6B560E86-F9D5-4C6B-8674-9176C37B73E0}"
EndProject
Project("{FAE04EC0-301F-11D3-BF4B-00C04F79EFBC}") = "UnitTestAppUserFakeRepository", "..\UnitTestAppUserFakeRepository\UnitTestAppUserFakeRepository.csproj", "{D34F4C93-7196-4623-8C65-6B4C4C6EF5F0}"
EndProject
Global
	GlobalSection(SolutionConfigurationPlatforms) = preSolution
		Debug|Any CPU = Debug|Any CPU
		Release|Any CPU = Release|Any CPU
	EndGlobalSection
	GlobalSection(ProjectConfigurationPlatforms) = postSolution
		{6B560E86-F9D5-4C6B-8674-9176C37B73E0}.Debug|Any CPU.ActiveCfg = Debug|Any CPU
		{6B560E86-F9D5-4C6B-8674-9176C37B73E0}.Debug|Any CPU.Build.0 = Debug|Any CPU
		{6B560E86-F9D5-4C6B-8674-9176C37B73E0}.Release|Any CPU.ActiveCfg = Release|Any CPU
		{6B560E86-F9D5-4C6B-8674-9176C37B73E0}.Release|Any CPU.Build.0 = Release|Any CPU
		{D34F4C93-7196-4623-8C65-6B4C4C6EF5F0}.Debug|Any CPU.ActiveCfg = Debug|Any CPU
		{D34F4C93-7196-4623-8C65-6B4C4C6EF5F0}.Debug|Any CPU.Build.0 = Debug|Any CPU
		{D34F4C93-7196-4623-8C65-6B4C4C6EF5F0}.Release|Any CPU.ActiveCfg = Release|Any CPU
		{D34F4C93-7196-4623-8C65-6B4C4C6EF5F0}.Release|Any CPU.Build.0 = Release|Any CPU
	EndGlobalSection
	GlobalSection(SolutionProperties) = preSolution
		HideSolutionNode = FALSE
	EndGlobalSection
	GlobalSection(ExtensibilityGlobals) = postSolution
		SolutionGuid = {59A49EAE-9617-41FD-A508-EF39356DD8D8}
	EndGlobalSection
EndGlobal
